{
  "version": 4,
  "terraform_version": "1.14.0",
  "serial": 1,
  "lineage": "380b49e8-3de8-9d4d-961a-6532607d4607",
  "outputs": {
    "output1": {
      "value": "shubham.html",
      "type": "string"
    }
  },
  "resources": [
    {
      "mode": "managed",
      "type": "local_file",
      "name": "myfile",
      "provider": "provider[\"registry.terraform.io/hashicorp/local\"]",
      "instances": [
        {
          "schema_version": 0,
          "attributes": {
            "content": "hi shubham here",
            "content_base64": null,
            "content_base64sha256": "55vvLewR7rrKHV5tvAcQJNJaVSM8E//bVyG/TPSJ9ZE=",
            "content_base64sha512": "mV6Rjvcjo0YHIFwKuM1WT42acly9Ny/6n7WK/EOvinL8WWjtwWeDncu2iFnKqEtzVHF+c+KCjue/a/BWvWeHgA==",
            "content_md5": "c3353d05583e7d8375322feca5b081ab",
            "content_sha1": "66c089300e320b0cbb89e0a1ad0a54294784e98f",
            "content_sha256": "e79bef2dec11eebaca1d5e6dbc071024d25a55233c13ffdb5721bf4cf489f591",
            "content_sha512": "995e918ef723a34607205c0ab8cd564f8d9a725cbd372ffa9fb58afc43af8a72fc5968edc167839dcbb68859caa84b7354717e73e2828ee7bf6bf056bd678780",
            "directory_permission": "0777",
            "file_permission": "0777",
            "filename": "shubham.html",
            "id": "66c089300e320b0cbb89e0a1ad0a54294784e98f",
            "sensitive_content": null,
            "source": null
          },
          "sensitive_attributes": [
            [
              {
                "type": "get_attr",
                "value": "sensitive_content"
              }
            ]
          ],
          "identity_schema_version": 0
        }
      ]
    }
  ],
  "check_results": null
}
