{
  "version": 4,
  "terraform_version": "1.14.0",
  "serial": 4,
  "lineage": "beef9393-0982-800f-dce5-7fb77c8ac38f",
  "outputs": {
    "output1": {
      "value": "arpita.html",
      "type": "string"
    }
  },
  "resources": [
    {
      "mode": "managed",
      "type": "local_file",
      "name": "myfile",
      "provider": "provider[\"registry.terraform.io/hashicorp/local\"]",
      "instances": [
        {
          "schema_version": 0,
          "attributes": {
            "content": "hi this is file created by arpita",
            "content_base64": null,
            "content_base64sha256": "kmry2rN8OCB4+eYxuLGxNrL/HEgEMPL//CRcUSCft7A=",
            "content_base64sha512": "AJMSKwPkuV54/qVG0w4yzi1dAgVkQ+eqnRc183SR4GL8o9jS7XPOfS199TUaYgqrGfYztvMHFQV65PsbOA6hFA==",
            "content_md5": "45e236b9de52a0e8cfeb7409bd79b592",
            "content_sha1": "9b023878d497eba26a12582080d86dc77223a76f",
            "content_sha256": "926af2dab37c382078f9e631b8b1b136b2ff1c480430f2fffc245c51209fb7b0",
            "content_sha512": "0093122b03e4b95e78fea546d30e32ce2d5d02056443e7aa9d1735f37491e062fca3d8d2ed73ce7d2d7df5351a620aab19f633b6f30715057ae4fb1b380ea114",
            "directory_permission": "0777",
            "file_permission": "0777",
            "filename": "arpita.html",
            "id": "9b023878d497eba26a12582080d86dc77223a76f",
            "sensitive_content": null,
            "source": null
          },
          "sensitive_attributes": [
            [
              {
                "type": "get_attr",
                "value": "sensitive_content"
              }
            ]
          ],
          "identity_schema_version": 0
        }
      ]
    }
  ],
  "check_results": null
}
